
Microsoft Visual Studio Solution File, Format Version 12.00
# Visual Studio Version 17
VisualStudioVersion = 17.14.36429.23 d17.14
MinimumVisualStudioVersion = 10.0.40219.1
Project("{FAE04EC0-301F-11D3-BF4B-00C04F79EFBC}") = "Server", "Server.csproj", "{04F0052F-0355-4126-8DBE-1F4D1859F7B6}"
EndProject
Project("{FAE04EC0-301F-11D3-BF4B-00C04F79EFBC}") = "Client", "..\Client\Client.csproj", "{981C50CF-A559-4228-B3A5-F8EFF94CA741}"
EndProject
Global
	GlobalSection(SolutionConfigurationPlatforms) = preSolution
		Debug|Any CPU = Debug|Any CPU
		Release|Any CPU = Release|Any CPU
	EndGlobalSection
	GlobalSection(ProjectConfigurationPlatforms) = postSolution
		{04F0052F-0355-4126-8DBE-1F4D1859F7B6}.Debug|Any CPU.ActiveCfg = Debug|Any CPU
		{04F0052F-0355-4126-8DBE-1F4D1859F7B6}.Debug|Any CPU.Build.0 = Debug|Any CPU
		{04F0052F-0355-4126-8DBE-1F4D1859F7B6}.Release|Any CPU.ActiveCfg = Release|Any CPU
		{04F0052F-0355-4126-8DBE-1F4D1859F7B6}.Release|Any CPU.Build.0 = Release|Any CPU
		{981C50CF-A559-4228-B3A5-F8EFF94CA741}.Debug|Any CPU.ActiveCfg = Debug|Any CPU
		{981C50CF-A559-4228-B3A5-F8EFF94CA741}.Debug|Any CPU.Build.0 = Debug|Any CPU
		{981C50CF-A559-4228-B3A5-F8EFF94CA741}.Release|Any CPU.ActiveCfg = Release|Any CPU
		{981C50CF-A559-4228-B3A5-F8EFF94CA741}.Release|Any CPU.Build.0 = Release|Any CPU
	EndGlobalSection
	GlobalSection(SolutionProperties) = preSolution
		HideSolutionNode = FALSE
	EndGlobalSection
	GlobalSection(ExtensibilityGlobals) = postSolution
		SolutionGuid = {48558A3F-89BB-4970-AAA7-552EA3979C4B}
	EndGlobalSection
EndGlobal
